
Microsoft Visual Studio Solution File, Format Version 12.00
# Visual Studio 15
VisualStudioVersion = 15.0.27703.1
MinimumVisualStudioVersion = 10.0.40219.1
Project("{FAE04EC0-301F-11D3-BF4B-00C04F79EFBC}") = "IdentityServerDemo", "IdentityServerDemo\IdentityServerDemo.csproj", "{58B0C905-5527-4B22-8710-B1289A2CB480}"
EndProject
Project("{FAE04EC0-301F-11D3-BF4B-00C04F79EFBC}") = "IdentityServerClient", "IdentityServerClient\IdentityServerClient.csproj", "{28E5DC77-620B-4298-AA80-EA66FE6E0EBF}"
EndProject
Project("{FAE04EC0-301F-11D3-BF4B-00C04F79EFBC}") = "Client", "Client\Client.csproj", "{B20FBDA9-955E-43CC-99B3-F0A4ADFDD4EC}"
EndProject
Global
	GlobalSection(SolutionConfigurationPlatforms) = preSolution
		Debug|Any CPU = Debug|Any CPU
		Release|Any CPU = Release|Any CPU
	EndGlobalSection
	GlobalSection(ProjectConfigurationPlatforms) = postSolution
		{58B0C905-5527-4B22-8710-B1289A2CB480}.Debug|Any CPU.ActiveCfg = Debug|Any CPU
		{58B0C905-5527-4B22-8710-B1289A2CB480}.Debug|Any CPU.Build.0 = Debug|Any CPU
		{58B0C905-5527-4B22-8710-B1289A2CB480}.Release|Any CPU.ActiveCfg = Release|Any CPU
		{58B0C905-5527-4B22-8710-B1289A2CB480}.Release|Any CPU.Build.0 = Release|Any CPU
		{28E5DC77-620B-4298-AA80-EA66FE6E0EBF}.Debug|Any CPU.ActiveCfg = Debug|Any CPU
		{28E5DC77-620B-4298-AA80-EA66FE6E0EBF}.Debug|Any CPU.Build.0 = Debug|Any CPU
		{28E5DC77-620B-4298-AA80-EA66FE6E0EBF}.Release|Any CPU.ActiveCfg = Release|Any CPU
		{28E5DC77-620B-4298-AA80-EA66FE6E0EBF}.Release|Any CPU.Build.0 = Release|Any CPU
		{B20FBDA9-955E-43CC-99B3-F0A4ADFDD4EC}.Debug|Any CPU.ActiveCfg = Debug|Any CPU
		{B20FBDA9-955E-43CC-99B3-F0A4ADFDD4EC}.Debug|Any CPU.Build.0 = Debug|Any CPU
		{B20FBDA9-955E-43CC-99B3-F0A4ADFDD4EC}.Release|Any CPU.ActiveCfg = Release|Any CPU
		{B20FBDA9-955E-43CC-99B3-F0A4ADFDD4EC}.Release|Any CPU.Build.0 = Release|Any CPU
	EndGlobalSection
	GlobalSection(SolutionProperties) = preSolution
		HideSolutionNode = FALSE
	EndGlobalSection
	GlobalSection(ExtensibilityGlobals) = postSolution
		SolutionGuid = {9F2B9727-C4E0-4813-8388-D47631FC8CFB}
	EndGlobalSection
EndGlobal
